
Microsoft Visual Studio Solution File, Format Version 12.00
# Visual Studio 14
VisualStudioVersion = 14.0.24720.0
MinimumVisualStudioVersion = 10.0.40219.1
Project("{8BC9CEB8-8B4A-11D0-8D11-00A0C91BC942}") = "OpenGLFramework", "OpenGLFramework\OpenGLFramework.vcxproj", "{7DEF769B-339B-4740-9FC2-6FFDB3DA911F}"
EndProject
Project("{8BC9CEB8-8B4A-11D0-8D11-00A0C91BC942}") = "Springs", "Springs\Springs.vcxproj", "{B265B9D5-37E4-45D0-8F5D-41C0D1354773}"
	ProjectSection(ProjectDependencies) = postProject
		{7DEF769B-339B-4740-9FC2-6FFDB3DA911F} = {7DEF769B-339B-4740-9FC2-6FFDB3DA911F}
	EndProjectSection
EndProject
Project("{8BC9CEB8-8B4A-11D0-8D11-00A0C91BC942}") = "FluidSim", "FluidSIm\FluidSIm.vcxproj", "{E1A09FD1-B079-45A2-B774-9253F36E1C69}"
	ProjectSection(ProjectDependencies) = postProject
		{7DEF769B-339B-4740-9FC2-6FFDB3DA911F} = {7DEF769B-339B-4740-9FC2-6FFDB3DA911F}
	EndProjectSection
EndProject
Global
	GlobalSection(SolutionConfigurationPlatforms) = preSolution
		Debug|x64 = Debug|x64
		Debug|x86 = Debug|x86
		Release|x64 = Release|x64
		Release|x86 = Release|x86
	EndGlobalSection
	GlobalSection(ProjectConfigurationPlatforms) = postSolution
		{7DEF769B-339B-4740-9FC2-6FFDB3DA911F}.Debug|x64.ActiveCfg = Debug|x64
		{7DEF769B-339B-4740-9FC2-6FFDB3DA911F}.Debug|x64.Build.0 = Debug|x64
		{7DEF769B-339B-4740-9FC2-6FFDB3DA911F}.Debug|x86.ActiveCfg = Debug|Win32
		{7DEF769B-339B-4740-9FC2-6FFDB3DA911F}.Debug|x86.Build.0 = Debug|Win32
		{7DEF769B-339B-4740-9FC2-6FFDB3DA911F}.Release|x64.ActiveCfg = Release|x64
		{7DEF769B-339B-4740-9FC2-6FFDB3DA911F}.Release|x64.Build.0 = Release|x64
		{7DEF769B-339B-4740-9FC2-6FFDB3DA911F}.Release|x86.ActiveCfg = Release|Win32
		{7DEF769B-339B-4740-9FC2-6FFDB3DA911F}.Release|x86.Build.0 = Release|Win32
		{B265B9D5-37E4-45D0-8F5D-41C0D1354773}.Debug|x64.ActiveCfg = Debug|x64
		{B265B9D5-37E4-45D0-8F5D-41C0D1354773}.Debug|x64.Build.0 = Debug|x64
		{B265B9D5-37E4-45D0-8F5D-41C0D1354773}.Debug|x86.ActiveCfg = Debug|Win32
		{B265B9D5-37E4-45D0-8F5D-41C0D1354773}.Debug|x86.Build.0 = Debug|Win32
		{B265B9D5-37E4-45D0-8F5D-41C0D1354773}.Release|x64.ActiveCfg = Release|x64
		{B265B9D5-37E4-45D0-8F5D-41C0D1354773}.Release|x64.Build.0 = Release|x64
		{B265B9D5-37E4-45D0-8F5D-41C0D1354773}.Release|x86.ActiveCfg = Release|Win32
		{B265B9D5-37E4-45D0-8F5D-41C0D1354773}.Release|x86.Build.0 = Release|Win32
		{E1A09FD1-B079-45A2-B774-9253F36E1C69}.Debug|x64.ActiveCfg = Debug|x64
		{E1A09FD1-B079-45A2-B774-9253F36E1C69}.Debug|x64.Build.0 = Debug|x64
		{E1A09FD1-B079-45A2-B774-9253F36E1C69}.Debug|x86.ActiveCfg = Debug|Win32
		{E1A09FD1-B079-45A2-B774-9253F36E1C69}.Debug|x86.Build.0 = Debug|Win32
		{E1A09FD1-B079-45A2-B774-9253F36E1C69}.Release|x64.ActiveCfg = Release|x64
		{E1A09FD1-B079-45A2-B774-9253F36E1C69}.Release|x64.Build.0 = Release|x64
		{E1A09FD1-B079-45A2-B774-9253F36E1C69}.Release|x86.ActiveCfg = Release|Win32
		{E1A09FD1-B079-45A2-B774-9253F36E1C69}.Release|x86.Build.0 = Release|Win32
	EndGlobalSection
	GlobalSection(SolutionProperties) = preSolution
		HideSolutionNode = FALSE
	EndGlobalSection
EndGlobal
