<?xml version="1.0" encoding="utf-8"?>
<Project ToolsVersion="4.0" xmlns="http://schemas.microsoft.com/developer/msbuild/2003">
  <ItemGroup>
    <ClCompile Include="GameManager.cpp" />
    <ClCompile Include="GameController.cpp" />
    <ClCompile Include="Shader.cpp">
      <Filter>Resources</Filter>
    </ClCompile>
    <ClCompile Include="ResourceManager.cpp">
      <Filter>Resources</Filter>
    </ClCompile>
    <ClCompile Include="Texture2D.cpp">
      <Filter>Resources</Filter>
    </ClCompile>
    <ClCompile Include="Drawable.cpp">
      <Filter>SceneObjects\Primitives</Filter>
    </ClCompile>
    <ClCompile Include="Quad.cpp">
      <Filter>SceneObjects\Primitives</Filter>
    </ClCompile>
    <ClCompile Include="Cube.cpp">
      <Filter>SceneObjects\Primitives</Filter>
    </ClCompile>
    <ClCompile Include="Actor.cpp">
      <Filter>SceneObjects</Filter>
    </ClCompile>
    <ClCompile Include="Camera.cpp">
      <Filter>SceneObjects</Filter>
    </ClCompile>
    <ClCompile Include="CRSpline.cpp">
      <Filter>Utilities</Filter>
    </ClCompile>
    <ClCompile Include="Texture3D.cpp">
      <Filter>Resources</Filter>
    </ClCompile>
  </ItemGroup>
  <ItemGroup>
    <ClInclude Include="GameManager.h" />
    <ClInclude Include="GameController.h" />
    <ClInclude Include="Shader.h">
      <Filter>Resources</Filter>
    </ClInclude>
    <ClInclude Include="ResourceManager.h">
      <Filter>Resources</Filter>
    </ClInclude>
    <ClInclude Include="Texture2D.h">
      <Filter>Resources</Filter>
    </ClInclude>
    <ClInclude Include="Drawable.h">
      <Filter>SceneObjects\Primitives</Filter>
    </ClInclude>
    <ClInclude Include="Quad.h">
      <Filter>SceneObjects\Primitives</Filter>
    </ClInclude>
    <ClInclude Include="Cube.h">
      <Filter>SceneObjects\Primitives</Filter>
    </ClInclude>
    <ClInclude Include="Actor.h">
      <Filter>SceneObjects</Filter>
    </ClInclude>
    <ClInclude Include="Camera.h">
      <Filter>SceneObjects</Filter>
    </ClInclude>
    <ClInclude Include="CRSpline.h">
      <Filter>Utilities</Filter>
    </ClInclude>
    <ClInclude Include="Texture3D.h">
      <Filter>Resources</Filter>
    </ClInclude>
  </ItemGroup>
  <ItemGroup>
    <Filter Include="Resources">
      <UniqueIdentifier>{d424dda5-0db7-4264-8bbf-7a9fde8b38fd}</UniqueIdentifier>
    </Filter>
    <Filter Include="SceneObjects">
      <UniqueIdentifier>{b44379bb-3434-4f3b-b26c-bf8dd8e575fd}</UniqueIdentifier>
    </Filter>
    <Filter Include="SceneObjects\Primitives">
      <UniqueIdentifier>{dfc7987a-c954-471b-8336-cf086bfce598}</UniqueIdentifier>
    </Filter>
    <Filter Include="Utilities">
      <UniqueIdentifier>{8de01f31-e0d6-47d4-8942-338c8f9a50a5}</UniqueIdentifier>
    </Filter>
  </ItemGroup>
</Project>